
Microsoft Visual Studio Solution File, Format Version 12.00
# Visual Studio 15
VisualStudioVersion = 15.0.26730.3
MinimumVisualStudioVersion = 10.0.40219.1
Project("{8BC9CEB8-8B4A-11D0-8D11-00A0C91BC942}") = "levenshtein-C", "levenshtein-C\levenshtein-C.vcxproj", "{6FEE87B4-8E95-41C7-A8DD-FC7A71AD34D8}"
EndProject
Project("{9A19103F-16F7-4668-BE54-9A1E7A4F7556}") = "levenshtein-CSharp", "levenshtein-CSharp\levenshtein-CSharp.csproj", "{1FDCAE32-BFF2-4819-B203-CDB38F6C1DEE}"
EndProject
Project("{6EC3EE1D-3C4E-46DD-8F32-0CC8E7565705}") = "levenshtein-F", "levenshtein-F\levenshtein-F.fsproj", "{5C8D01FA-AA52-4415-BCB9-1B83FEC52A85}"
EndProject
Project("{9A19103F-16F7-4668-BE54-9A1E7A4F7556}") = "MixingLangsBenchmark", "MixingLangsBenchmark\MixingLangsBenchmark.csproj", "{D03F8800-8B97-4D45-8552-1DBC6452A94F}"
	ProjectSection(ProjectDependencies) = postProject
		{6FEE87B4-8E95-41C7-A8DD-FC7A71AD34D8} = {6FEE87B4-8E95-41C7-A8DD-FC7A71AD34D8}
	EndProjectSection
EndProject
Global
	GlobalSection(SolutionConfigurationPlatforms) = preSolution
		Debug|Any CPU = Debug|Any CPU
		Debug|x64 = Debug|x64
		Debug|x86 = Debug|x86
		Release|Any CPU = Release|Any CPU
		Release|x64 = Release|x64
		Release|x86 = Release|x86
	EndGlobalSection
	GlobalSection(ProjectConfigurationPlatforms) = postSolution
		{6FEE87B4-8E95-41C7-A8DD-FC7A71AD34D8}.Debug|Any CPU.ActiveCfg = Debug|x64
		{6FEE87B4-8E95-41C7-A8DD-FC7A71AD34D8}.Debug|Any CPU.Build.0 = Debug|x64
		{6FEE87B4-8E95-41C7-A8DD-FC7A71AD34D8}.Debug|x64.ActiveCfg = Debug|x64
		{6FEE87B4-8E95-41C7-A8DD-FC7A71AD34D8}.Debug|x64.Build.0 = Debug|x64
		{6FEE87B4-8E95-41C7-A8DD-FC7A71AD34D8}.Debug|x86.ActiveCfg = Debug|Win32
		{6FEE87B4-8E95-41C7-A8DD-FC7A71AD34D8}.Debug|x86.Build.0 = Debug|Win32
		{6FEE87B4-8E95-41C7-A8DD-FC7A71AD34D8}.Release|Any CPU.ActiveCfg = Release|Win32
		{6FEE87B4-8E95-41C7-A8DD-FC7A71AD34D8}.Release|x64.ActiveCfg = Release|x64
		{6FEE87B4-8E95-41C7-A8DD-FC7A71AD34D8}.Release|x64.Build.0 = Release|x64
		{6FEE87B4-8E95-41C7-A8DD-FC7A71AD34D8}.Release|x86.ActiveCfg = Release|Win32
		{6FEE87B4-8E95-41C7-A8DD-FC7A71AD34D8}.Release|x86.Build.0 = Release|Win32
		{1FDCAE32-BFF2-4819-B203-CDB38F6C1DEE}.Debug|Any CPU.ActiveCfg = Debug|Any CPU
		{1FDCAE32-BFF2-4819-B203-CDB38F6C1DEE}.Debug|Any CPU.Build.0 = Debug|Any CPU
		{1FDCAE32-BFF2-4819-B203-CDB38F6C1DEE}.Debug|x64.ActiveCfg = Debug|Any CPU
		{1FDCAE32-BFF2-4819-B203-CDB38F6C1DEE}.Debug|x64.Build.0 = Debug|Any CPU
		{1FDCAE32-BFF2-4819-B203-CDB38F6C1DEE}.Debug|x86.ActiveCfg = Debug|Any CPU
		{1FDCAE32-BFF2-4819-B203-CDB38F6C1DEE}.Debug|x86.Build.0 = Debug|Any CPU
		{1FDCAE32-BFF2-4819-B203-CDB38F6C1DEE}.Release|Any CPU.ActiveCfg = Release|Any CPU
		{1FDCAE32-BFF2-4819-B203-CDB38F6C1DEE}.Release|Any CPU.Build.0 = Release|Any CPU
		{1FDCAE32-BFF2-4819-B203-CDB38F6C1DEE}.Release|x64.ActiveCfg = Release|Any CPU
		{1FDCAE32-BFF2-4819-B203-CDB38F6C1DEE}.Release|x64.Build.0 = Release|Any CPU
		{1FDCAE32-BFF2-4819-B203-CDB38F6C1DEE}.Release|x86.ActiveCfg = Release|Any CPU
		{1FDCAE32-BFF2-4819-B203-CDB38F6C1DEE}.Release|x86.Build.0 = Release|Any CPU
		{5C8D01FA-AA52-4415-BCB9-1B83FEC52A85}.Debug|Any CPU.ActiveCfg = Debug|Any CPU
		{5C8D01FA-AA52-4415-BCB9-1B83FEC52A85}.Debug|Any CPU.Build.0 = Debug|Any CPU
		{5C8D01FA-AA52-4415-BCB9-1B83FEC52A85}.Debug|x64.ActiveCfg = Debug|Any CPU
		{5C8D01FA-AA52-4415-BCB9-1B83FEC52A85}.Debug|x64.Build.0 = Debug|Any CPU
		{5C8D01FA-AA52-4415-BCB9-1B83FEC52A85}.Debug|x86.ActiveCfg = Debug|Any CPU
		{5C8D01FA-AA52-4415-BCB9-1B83FEC52A85}.Debug|x86.Build.0 = Debug|Any CPU
		{5C8D01FA-AA52-4415-BCB9-1B83FEC52A85}.Release|Any CPU.ActiveCfg = Release|Any CPU
		{5C8D01FA-AA52-4415-BCB9-1B83FEC52A85}.Release|Any CPU.Build.0 = Release|Any CPU
		{5C8D01FA-AA52-4415-BCB9-1B83FEC52A85}.Release|x64.ActiveCfg = Release|Any CPU
		{5C8D01FA-AA52-4415-BCB9-1B83FEC52A85}.Release|x64.Build.0 = Release|Any CPU
		{5C8D01FA-AA52-4415-BCB9-1B83FEC52A85}.Release|x86.ActiveCfg = Release|Any CPU
		{5C8D01FA-AA52-4415-BCB9-1B83FEC52A85}.Release|x86.Build.0 = Release|Any CPU
		{D03F8800-8B97-4D45-8552-1DBC6452A94F}.Debug|Any CPU.ActiveCfg = Debug|Any CPU
		{D03F8800-8B97-4D45-8552-1DBC6452A94F}.Debug|Any CPU.Build.0 = Debug|Any CPU
		{D03F8800-8B97-4D45-8552-1DBC6452A94F}.Debug|x64.ActiveCfg = Debug|Any CPU
		{D03F8800-8B97-4D45-8552-1DBC6452A94F}.Debug|x64.Build.0 = Debug|Any CPU
		{D03F8800-8B97-4D45-8552-1DBC6452A94F}.Debug|x86.ActiveCfg = Debug|Any CPU
		{D03F8800-8B97-4D45-8552-1DBC6452A94F}.Debug|x86.Build.0 = Debug|Any CPU
		{D03F8800-8B97-4D45-8552-1DBC6452A94F}.Release|Any CPU.ActiveCfg = Release|Any CPU
		{D03F8800-8B97-4D45-8552-1DBC6452A94F}.Release|Any CPU.Build.0 = Release|Any CPU
		{D03F8800-8B97-4D45-8552-1DBC6452A94F}.Release|x64.ActiveCfg = Release|Any CPU
		{D03F8800-8B97-4D45-8552-1DBC6452A94F}.Release|x64.Build.0 = Release|Any CPU
		{D03F8800-8B97-4D45-8552-1DBC6452A94F}.Release|x86.ActiveCfg = Release|Any CPU
		{D03F8800-8B97-4D45-8552-1DBC6452A94F}.Release|x86.Build.0 = Release|Any CPU
	EndGlobalSection
	GlobalSection(SolutionProperties) = preSolution
		HideSolutionNode = FALSE
	EndGlobalSection
	GlobalSection(ExtensibilityGlobals) = postSolution
		SolutionGuid = {2949AF53-9840-48BB-B1CA-F6B9C4AAB124}
	EndGlobalSection
EndGlobal
